
Microsoft Visual Studio Solution File, Format Version 12.00
# Visual Studio Version 16
VisualStudioVersion = 16.0.31911.196
MinimumVisualStudioVersion = 10.0.40219.1
Project("{FAE04EC0-301F-11D3-BF4B-00C04F79EFBC}") = "Задание_5_App1", "Задание_5\Задание_5_App1.csproj", "{40690020-B032-43C4-BEC9-B1A232C755A1}"
EndProject
Project("{FAE04EC0-301F-11D3-BF4B-00C04F79EFBC}") = "Задание_2_App2", "Задание_2_App2\Задание_2_App2.csproj", "{E0D92CA5-F50B-4592-99A1-3CD7667C04EE}"
EndProject
Global
	GlobalSection(SolutionConfigurationPlatforms) = preSolution
		Debug|Any CPU = Debug|Any CPU
		Release|Any CPU = Release|Any CPU
	EndGlobalSection
	GlobalSection(ProjectConfigurationPlatforms) = postSolution
		{40690020-B032-43C4-BEC9-B1A232C755A1}.Debug|Any CPU.ActiveCfg = Debug|Any CPU
		{40690020-B032-43C4-BEC9-B1A232C755A1}.Debug|Any CPU.Build.0 = Debug|Any CPU
		{40690020-B032-43C4-BEC9-B1A232C755A1}.Release|Any CPU.ActiveCfg = Release|Any CPU
		{40690020-B032-43C4-BEC9-B1A232C755A1}.Release|Any CPU.Build.0 = Release|Any CPU
		{E0D92CA5-F50B-4592-99A1-3CD7667C04EE}.Debug|Any CPU.ActiveCfg = Debug|Any CPU
		{E0D92CA5-F50B-4592-99A1-3CD7667C04EE}.Debug|Any CPU.Build.0 = Debug|Any CPU
		{E0D92CA5-F50B-4592-99A1-3CD7667C04EE}.Release|Any CPU.ActiveCfg = Release|Any CPU
		{E0D92CA5-F50B-4592-99A1-3CD7667C04EE}.Release|Any CPU.Build.0 = Release|Any CPU
	EndGlobalSection
	GlobalSection(SolutionProperties) = preSolution
		HideSolutionNode = FALSE
	EndGlobalSection
	GlobalSection(ExtensibilityGlobals) = postSolution
		SolutionGuid = {84006E56-C965-4785-96C2-13607CCB89AF}
	EndGlobalSection
EndGlobal
